// !$*UTF8*$!
{
	archiveVersion = 1;
	classes = {
	};
	objectVersion = 46;
	objects = {

/* Begin PBXBuildFile section */
		370854231B9FA23200A54575 /* VirtualTouristAppDelegate.swift in Sources */ = {isa = PBXBuildFile; fileRef = 370854221B9FA23200A54575 /* VirtualTouristAppDelegate.swift */; };
		370854261B9FA23200A54575 /* VirtualTourist.xcdatamodeld in Sources */ = {isa = PBXBuildFile; fileRef = 370854241B9FA23200A54575 /* VirtualTourist.xcdatamodeld */; };
		370854281B9FA23200A54575 /* TravelLocationsViewController.swift in Sources */ = {isa = PBXBuildFile; fileRef = 370854271B9FA23200A54575 /* TravelLocationsViewController.swift */; };
		3708542B1B9FA23200A54575 /* Main.storyboard in Resources */ = {isa = PBXBuildFile; fileRef = 370854291B9FA23200A54575 /* Main.storyboard */; };
		3708542D1B9FA23200A54575 /* Images.xcassets in Resources */ = {isa = PBXBuildFile; fileRef = 3708542C1B9FA23200A54575 /* Images.xcassets */; };
		370854301B9FA23200A54575 /* LaunchScreen.xib in Resources */ = {isa = PBXBuildFile; fileRef = 3708542E1B9FA23200A54575 /* LaunchScreen.xib */; };
		3708543C1B9FA23200A54575 /* VirtualTouristTests.swift in Sources */ = {isa = PBXBuildFile; fileRef = 3708543B1B9FA23200A54575 /* VirtualTouristTests.swift */; };
		370854461B9FA2B800A54575 /* PhotoAlbumViewController.swift in Sources */ = {isa = PBXBuildFile; fileRef = 370854451B9FA2B800A54575 /* PhotoAlbumViewController.swift */; };
		3708544A1B9FA4CC00A54575 /* MapKit.framework in Frameworks */ = {isa = PBXBuildFile; fileRef = 370854491B9FA4CC00A54575 /* MapKit.framework */; };
		3708545C1B9FB54700A54575 /* Pin.swift in Sources */ = {isa = PBXBuildFile; fileRef = 3708545B1B9FB54700A54575 /* Pin.swift */; };
		3720C6101BADC69000551B6A /* CollectionViewPhotoCell.swift in Sources */ = {isa = PBXBuildFile; fileRef = 3720C60F1BADC69000551B6A /* CollectionViewPhotoCell.swift */; settings = {ASSET_TAGS = (); }; };
		37EC674E1BA6211600E52EC9 /* Photo.swift in Sources */ = {isa = PBXBuildFile; fileRef = 37EC674D1BA6211600E52EC9 /* Photo.swift */; };
		37EC67501BA624C000E52EC9 /* CoreDataManager.swift in Sources */ = {isa = PBXBuildFile; fileRef = 37EC674F1BA624C000E52EC9 /* CoreDataManager.swift */; };
		37FA9F831BA734F0001E835A /* FlickrClient.swift in Sources */ = {isa = PBXBuildFile; fileRef = 37FA9F821BA734F0001E835A /* FlickrClient.swift */; };
		37FA9F861BA73B3B001E835A /* FlickrClientTests.swift in Sources */ = {isa = PBXBuildFile; fileRef = 37FA9F851BA73B3B001E835A /* FlickrClientTests.swift */; };
		37FA9F871BA73B61001E835A /* FlickrClient.swift in Sources */ = {isa = PBXBuildFile; fileRef = 37FA9F821BA734F0001E835A /* FlickrClient.swift */; };
/* End PBXBuildFile section */

/* Begin PBXContainerItemProxy section */
		370854361B9FA23200A54575 /* PBXContainerItemProxy */ = {
			isa = PBXContainerItemProxy;
			containerPortal = 370854151B9FA23200A54575 /* Project object */;
			proxyType = 1;
			remoteGlobalIDString = 3708541C1B9FA23200A54575;
			remoteInfo = VirtualTourist;
		};
/* End PBXContainerItemProxy section */

/* Begin PBXFileReference section */
		3708541D1B9FA23200A54575 /* VirtualTourist.app */ = {isa = PBXFileReference; explicitFileType = wrapper.application; includeInIndex = 0; path = VirtualTourist.app; sourceTree = BUILT_PRODUCTS_DIR; };
		370854211B9FA23200A54575 /* Info.plist */ = {isa = PBXFileReference; lastKnownFileType = text.plist.xml; path = Info.plist; sourceTree = "<group>"; };
		370854221B9FA23200A54575 /* VirtualTouristAppDelegate.swift */ = {isa = PBXFileReference; lastKnownFileType = sourcecode.swift; path = VirtualTouristAppDelegate.swift; sourceTree = "<group>"; };
		370854251B9FA23200A54575 /* VirtualTourist.xcdatamodel */ = {isa = PBXFileReference; lastKnownFileType = wrapper.xcdatamodel; path = VirtualTourist.xcdatamodel; sourceTree = "<group>"; };
		370854271B9FA23200A54575 /* TravelLocationsViewController.swift */ = {isa = PBXFileReference; lastKnownFileType = sourcecode.swift; path = TravelLocationsViewController.swift; sourceTree = "<group>"; };
		3708542A1B9FA23200A54575 /* Base */ = {isa = PBXFileReference; lastKnownFileType = file.storyboard; name = Base; path = Base.lproj/Main.storyboard; sourceTree = "<group>"; };
		3708542C1B9FA23200A54575 /* Images.xcassets */ = {isa = PBXFileReference; lastKnownFileType = folder.assetcatalog; path = Images.xcassets; sourceTree = "<group>"; };
		3708542F1B9FA23200A54575 /* Base */ = {isa = PBXFileReference; lastKnownFileType = file.xib; name = Base; path = Base.lproj/LaunchScreen.xib; sourceTree = "<group>"; };
		370854351B9FA23200A54575 /* VirtualTouristTests.xctest */ = {isa = PBXFileReference; explicitFileType = wrapper.cfbundle; includeInIndex = 0; path = VirtualTouristTests.xctest; sourceTree = BUILT_PRODUCTS_DIR; };
		3708543A1B9FA23200A54575 /* Info.plist */ = {isa = PBXFileReference; lastKnownFileType = text.plist.xml; path = Info.plist; sourceTree = "<group>"; };
		3708543B1B9FA23200A54575 /* VirtualTouristTests.swift */ = {isa = PBXFileReference; lastKnownFileType = sourcecode.swift; path = VirtualTouristTests.swift; sourceTree = "<group>"; };
		370854451B9FA2B800A54575 /* PhotoAlbumViewController.swift */ = {isa = PBXFileReference; fileEncoding = 4; lastKnownFileType = sourcecode.swift; path = PhotoAlbumViewController.swift; sourceTree = "<group>"; };
		370854491B9FA4CC00A54575 /* MapKit.framework */ = {isa = PBXFileReference; lastKnownFileType = wrapper.framework; name = MapKit.framework; path = System/Library/Frameworks/MapKit.framework; sourceTree = SDKROOT; };
		3708545B1B9FB54700A54575 /* Pin.swift */ = {isa = PBXFileReference; fileEncoding = 4; lastKnownFileType = sourcecode.swift; path = Pin.swift; sourceTree = "<group>"; };
		3720C60F1BADC69000551B6A /* CollectionViewPhotoCell.swift */ = {isa = PBXFileReference; fileEncoding = 4; lastKnownFileType = sourcecode.swift; path = CollectionViewPhotoCell.swift; sourceTree = "<group>"; };
		37EC674D1BA6211600E52EC9 /* Photo.swift */ = {isa = PBXFileReference; fileEncoding = 4; lastKnownFileType = sourcecode.swift; path = Photo.swift; sourceTree = "<group>"; };
		37EC674F1BA624C000E52EC9 /* CoreDataManager.swift */ = {isa = PBXFileReference; fileEncoding = 4; lastKnownFileType = sourcecode.swift; path = CoreDataManager.swift; sourceTree = "<group>"; };
		37FA9F821BA734F0001E835A /* FlickrClient.swift */ = {isa = PBXFileReference; fileEncoding = 4; lastKnownFileType = sourcecode.swift; path = FlickrClient.swift; sourceTree = "<group>"; };
		37FA9F851BA73B3B001E835A /* FlickrClientTests.swift */ = {isa = PBXFileReference; fileEncoding = 4; lastKnownFileType = sourcecode.swift; path = FlickrClientTests.swift; sourceTree = "<group>"; };
/* End PBXFileReference section */

/* Begin PBXFrameworksBuildPhase section */
		3708541A1B9FA23200A54575 /* Frameworks */ = {
			isa = PBXFrameworksBuildPhase;
			buildActionMask = 2147483647;
			files = (
				3708544A1B9FA4CC00A54575 /* MapKit.framework in Frameworks */,
			);
			runOnlyForDeploymentPostprocessing = 0;
		};
		370854321B9FA23200A54575 /* Frameworks */ = {
			isa = PBXFrameworksBuildPhase;
			buildActionMask = 2147483647;
			files = (
			);
			runOnlyForDeploymentPostprocessing = 0;
		};
/* End PBXFrameworksBuildPhase section */

/* Begin PBXGroup section */
		370854141B9FA23200A54575 = {
			isa = PBXGroup;
			children = (
				370854491B9FA4CC00A54575 /* MapKit.framework */,
				3708541F1B9FA23200A54575 /* VirtualTourist */,
				370854381B9FA23200A54575 /* VirtualTouristTests */,
				3708541E1B9FA23200A54575 /* Products */,
			);
			sourceTree = "<group>";
		};
		3708541E1B9FA23200A54575 /* Products */ = {
			isa = PBXGroup;
			children = (
				3708541D1B9FA23200A54575 /* VirtualTourist.app */,
				370854351B9FA23200A54575 /* VirtualTouristTests.xctest */,
			);
			name = Products;
			sourceTree = "<group>";
		};
		3708541F1B9FA23200A54575 /* VirtualTourist */ = {
			isa = PBXGroup;
			children = (
				370854481B9FA48B00A54575 /* Model */,
				370854471B9FA47A00A54575 /* Controllers */,
				370854221B9FA23200A54575 /* VirtualTouristAppDelegate.swift */,
				37FA9F821BA734F0001E835A /* FlickrClient.swift */,
				370854291B9FA23200A54575 /* Main.storyboard */,
				3708542C1B9FA23200A54575 /* Images.xcassets */,
				3708542E1B9FA23200A54575 /* LaunchScreen.xib */,
				370854201B9FA23200A54575 /* Supporting Files */,
				3720C60F1BADC69000551B6A /* CollectionViewPhotoCell.swift */,
			);
			path = VirtualTourist;
			sourceTree = "<group>";
		};
		370854201B9FA23200A54575 /* Supporting Files */ = {
			isa = PBXGroup;
			children = (
				370854211B9FA23200A54575 /* Info.plist */,
			);
			name = "Supporting Files";
			sourceTree = "<group>";
		};
		370854381B9FA23200A54575 /* VirtualTouristTests */ = {
			isa = PBXGroup;
			children = (
				3708543B1B9FA23200A54575 /* VirtualTouristTests.swift */,
				370854391B9FA23200A54575 /* Supporting Files */,
				37FA9F851BA73B3B001E835A /* FlickrClientTests.swift */,
			);
			path = VirtualTouristTests;
			sourceTree = "<group>";
		};
		370854391B9FA23200A54575 /* Supporting Files */ = {
			isa = PBXGroup;
			children = (
				3708543A1B9FA23200A54575 /* Info.plist */,
			);
			name = "Supporting Files";
			sourceTree = "<group>";
		};
		370854471B9FA47A00A54575 /* Controllers */ = {
			isa = PBXGroup;
			children = (
				370854271B9FA23200A54575 /* TravelLocationsViewController.swift */,
				370854451B9FA2B800A54575 /* PhotoAlbumViewController.swift */,
			);
			name = Controllers;
			sourceTree = "<group>";
		};
		370854481B9FA48B00A54575 /* Model */ = {
			isa = PBXGroup;
			children = (
				37EC674F1BA624C000E52EC9 /* CoreDataManager.swift */,
				370854241B9FA23200A54575 /* VirtualTourist.xcdatamodeld */,
				3708545B1B9FB54700A54575 /* Pin.swift */,
				37EC674D1BA6211600E52EC9 /* Photo.swift */,
			);
			name = Model;
			sourceTree = "<group>";
		};
/* End PBXGroup section */

/* Begin PBXNativeTarget section */
		3708541C1B9FA23200A54575 /* VirtualTourist */ = {
			isa = PBXNativeTarget;
			buildConfigurationList = 3708543F1B9FA23200A54575 /* Build configuration list for PBXNativeTarget "VirtualTourist" */;
			buildPhases = (
				370854191B9FA23200A54575 /* Sources */,
				3708541A1B9FA23200A54575 /* Frameworks */,
				3708541B1B9FA23200A54575 /* Resources */,
			);
			buildRules = (
			);
			dependencies = (
			);
			name = VirtualTourist;
			productName = VirtualTourist;
			productReference = 3708541D1B9FA23200A54575 /* VirtualTourist.app */;
			productType = "com.apple.product-type.application";
		};
		370854341B9FA23200A54575 /* VirtualTouristTests */ = {
			isa = PBXNativeTarget;
			buildConfigurationList = 370854421B9FA23200A54575 /* Build configuration list for PBXNativeTarget "VirtualTouristTests" */;
			buildPhases = (
				370854311B9FA23200A54575 /* Sources */,
				370854321B9FA23200A54575 /* Frameworks */,
				370854331B9FA23200A54575 /* Resources */,
			);
			buildRules = (
			);
			dependencies = (
				370854371B9FA23200A54575 /* PBXTargetDependency */,
			);
			name = VirtualTouristTests;
			productName = VirtualTouristTests;
			productReference = 370854351B9FA23200A54575 /* VirtualTouristTests.xctest */;
			productType = "com.apple.product-type.bundle.unit-test";
		};
/* End PBXNativeTarget section */

/* Begin PBXProject section */
		370854151B9FA23200A54575 /* Project object */ = {
			isa = PBXProject;
			attributes = {
				LastSwiftMigration = 0700;
				LastSwiftUpdateCheck = 0700;
				LastUpgradeCheck = 0700;
				ORGANIZATIONNAME = notluS;
				TargetAttributes = {
					3708541C1B9FA23200A54575 = {
						CreatedOnToolsVersion = 6.4;
					};
					370854341B9FA23200A54575 = {
						CreatedOnToolsVersion = 6.4;
						TestTargetID = 3708541C1B9FA23200A54575;
					};
				};
			};
			buildConfigurationList = 370854181B9FA23200A54575 /* Build configuration list for PBXProject "VirtualTourist" */;
			compatibilityVersion = "Xcode 3.2";
			developmentRegion = English;
			hasScannedForEncodings = 0;
			knownRegions = (
				en,
				Base,
			);
			mainGroup = 370854141B9FA23200A54575;
			productRefGroup = 3708541E1B9FA23200A54575 /* Products */;
			projectDirPath = "";
			projectRoot = "";
			targets = (
				3708541C1B9FA23200A54575 /* VirtualTourist */,
				370854341B9FA23200A54575 /* VirtualTouristTests */,
			);
		};
/* End PBXProject section */

/* Begin PBXResourcesBuildPhase section */
		3708541B1B9FA23200A54575 /* Resources */ = {
			isa = PBXResourcesBuildPhase;
			buildActionMask = 2147483647;
			files = (
				3708542B1B9FA23200A54575 /* Main.storyboard in Resources */,
				370854301B9FA23200A54575 /* LaunchScreen.xib in Resources */,
				3708542D1B9FA23200A54575 /* Images.xcassets in Resources */,
			);
			runOnlyForDeploymentPostprocessing = 0;
		};
		370854331B9FA23200A54575 /* Resources */ = {
			isa = PBXResourcesBuildPhase;
			buildActionMask = 2147483647;
			files = (
			);
			runOnlyForDeploymentPostprocessing = 0;
		};
/* End PBXResourcesBuildPhase section */

/* Begin PBXSourcesBuildPhase section */
		370854191B9FA23200A54575 /* Sources */ = {
			isa = PBXSourcesBuildPhase;
			buildActionMask = 2147483647;
			files = (
				37EC674E1BA6211600E52EC9 /* Photo.swift in Sources */,
				3720C6101BADC69000551B6A /* CollectionViewPhotoCell.swift in Sources */,
				3708545C1B9FB54700A54575 /* Pin.swift in Sources */,
				370854281B9FA23200A54575 /* TravelLocationsViewController.swift in Sources */,
				370854261B9FA23200A54575 /* VirtualTourist.xcdatamodeld in Sources */,
				370854231B9FA23200A54575 /* VirtualTouristAppDelegate.swift in Sources */,
				37EC67501BA624C000E52EC9 /* CoreDataManager.swift in Sources */,
				370854461B9FA2B800A54575 /* PhotoAlbumViewController.swift in Sources */,
				37FA9F831BA734F0001E835A /* FlickrClient.swift in Sources */,
			);
			runOnlyForDeploymentPostprocessing = 0;
		};
		370854311B9FA23200A54575 /* Sources */ = {
			isa = PBXSourcesBuildPhase;
			buildActionMask = 2147483647;
			files = (
				37FA9F861BA73B3B001E835A /* FlickrClientTests.swift in Sources */,
				3708543C1B9FA23200A54575 /* VirtualTouristTests.swift in Sources */,
				37FA9F871BA73B61001E835A /* FlickrClient.swift in Sources */,
			);
			runOnlyForDeploymentPostprocessing = 0;
		};
/* End PBXSourcesBuildPhase section */

/* Begin PBXTargetDependency section */
		370854371B9FA23200A54575 /* PBXTargetDependency */ = {
			isa = PBXTargetDependency;
			target = 3708541C1B9FA23200A54575 /* VirtualTourist */;
			targetProxy = 370854361B9FA23200A54575 /* PBXContainerItemProxy */;
		};
/* End PBXTargetDependency section */

/* Begin PBXVariantGroup section */
		370854291B9FA23200A54575 /* Main.storyboard */ = {
			isa = PBXVariantGroup;
			children = (
				3708542A1B9FA23200A54575 /* Base */,
			);
			name = Main.storyboard;
			sourceTree = "<group>";
		};
		3708542E1B9FA23200A54575 /* LaunchScreen.xib */ = {
			isa = PBXVariantGroup;
			children = (
				3708542F1B9FA23200A54575 /* Base */,
			);
			name = LaunchScreen.xib;
			sourceTree = "<group>";
		};
/* End PBXVariantGroup section */

/* Begin XCBuildConfiguration section */
		3708543D1B9FA23200A54575 /* Debug */ = {
			isa = XCBuildConfiguration;
			buildSettings = {
				ALWAYS_SEARCH_USER_PATHS = NO;
				CLANG_CXX_LANGUAGE_STANDARD = "gnu++0x";
				CLANG_CXX_LIBRARY = "libc++";
				CLANG_ENABLE_MODULES = YES;
				CLANG_ENABLE_OBJC_ARC = YES;
				CLANG_WARN_BOOL_CONVERSION = YES;
				CLANG_WARN_CONSTANT_CONVERSION = YES;
				CLANG_WARN_DIRECT_OBJC_ISA_USAGE = YES_ERROR;
				CLANG_WARN_EMPTY_BODY = YES;
				CLANG_WARN_ENUM_CONVERSION = YES;
				CLANG_WARN_INT_CONVERSION = YES;
				CLANG_WARN_OBJC_ROOT_CLASS = YES_ERROR;
				CLANG_WARN_UNREACHABLE_CODE = YES;
				CLANG_WARN__DUPLICATE_METHOD_MATCH = YES;
				"CODE_SIGN_IDENTITY[sdk=iphoneos*]" = "iPhone Developer";
				COPY_PHASE_STRIP = NO;
				DEBUG_INFORMATION_FORMAT = "dwarf-with-dsym";
				ENABLE_STRICT_OBJC_MSGSEND = YES;
				ENABLE_TESTABILITY = YES;
				GCC_C_LANGUAGE_STANDARD = gnu99;
				GCC_DYNAMIC_NO_PIC = NO;
				GCC_NO_COMMON_BLOCKS = YES;
				GCC_OPTIMIZATION_LEVEL = 0;
				GCC_PREPROCESSOR_DEFINITIONS = (
					"DEBUG=1",
					"$(inherited)",
				);
				GCC_SYMBOLS_PRIVATE_EXTERN = NO;
				GCC_WARN_64_TO_32_BIT_CONVERSION = YES;
				GCC_WARN_ABOUT_RETURN_TYPE = YES_ERROR;
				GCC_WARN_UNDECLARED_SELECTOR = YES;
				GCC_WARN_UNINITIALIZED_AUTOS = YES_AGGRESSIVE;
				GCC_WARN_UNUSED_FUNCTION = YES;
				GCC_WARN_UNUSED_VARIABLE = YES;
				IPHONEOS_DEPLOYMENT_TARGET = 8.4;
				MTL_ENABLE_DEBUG_INFO = YES;
				ONLY_ACTIVE_ARCH = YES;
				SDKROOT = iphoneos;
				SWIFT_OPTIMIZATION_LEVEL = "-Onone";
			};
			name = Debug;
		};
		3708543E1B9FA23200A54575 /* Release */ = {
			isa = XCBuildConfiguration;
			buildSettings = {
				ALWAYS_SEARCH_USER_PATHS = NO;
				CLANG_CXX_LANGUAGE_STANDARD = "gnu++0x";
				CLANG_CXX_LIBRARY = "libc++";
				CLANG_ENABLE_MODULES = YES;
				CLANG_ENABLE_OBJC_ARC = YES;
				CLANG_WARN_BOOL_CONVERSION = YES;
				CLANG_WARN_CONSTANT_CONVERSION = YES;
				CLANG_WARN_DIRECT_OBJC_ISA_USAGE = YES_ERROR;
				CLANG_WARN_EMPTY_BODY = YES;
				CLANG_WARN_ENUM_CONVERSION = YES;
				CLANG_WARN_INT_CONVERSION = YES;
				CLANG_WARN_OBJC_ROOT_CLASS = YES_ERROR;
				CLANG_WARN_UNREACHABLE_CODE = YES;
				CLANG_WARN__DUPLICATE_METHOD_MATCH = YES;
				"CODE_SIGN_IDENTITY[sdk=iphoneos*]" = "iPhone Developer";
				COPY_PHASE_STRIP = NO;
				DEBUG_INFORMATION_FORMAT = "dwarf-with-dsym";
				ENABLE_NS_ASSERTIONS = NO;
				ENABLE_STRICT_OBJC_MSGSEND = YES;
				GCC_C_LANGUAGE_STANDARD = gnu99;
				GCC_NO_COMMON_BLOCKS = YES;
				GCC_WARN_64_TO_32_BIT_CONVERSION = YES;
				GCC_WARN_ABOUT_RETURN_TYPE = YES_ERROR;
				GCC_WARN_UNDECLARED_SELECTOR = YES;
				GCC_WARN_UNINITIALIZED_AUTOS = YES_AGGRESSIVE;
				GCC_WARN_UNUSED_FUNCTION = YES;
				GCC_WARN_UNUSED_VARIABLE = YES;
				IPHONEOS_DEPLOYMENT_TARGET = 8.4;
				MTL_ENABLE_DEBUG_INFO = NO;
				SDKROOT = iphoneos;
				VALIDATE_PRODUCT = YES;
			};
			name = Release;
		};
		370854401B9FA23200A54575 /* Debug */ = {
			isa = XCBuildConfiguration;
			buildSettings = {
				ASSETCATALOG_COMPILER_APPICON_NAME = AppIcon;
				INFOPLIST_FILE = VirtualTourist/Info.plist;
				LD_RUNPATH_SEARCH_PATHS = "$(inherited) @executable_path/Frameworks";
				PRODUCT_BUNDLE_IDENTIFIER = "com.notlus.$(PRODUCT_NAME:rfc1034identifier)";
				PRODUCT_NAME = "$(TARGET_NAME)";
			};
			name = Debug;
		};
		370854411B9FA23200A54575 /* Release */ = {
			isa = XCBuildConfiguration;
			buildSettings = {
				ASSETCATALOG_COMPILER_APPICON_NAME = AppIcon;
				INFOPLIST_FILE = VirtualTourist/Info.plist;
				LD_RUNPATH_SEARCH_PATHS = "$(inherited) @executable_path/Frameworks";
				PRODUCT_BUNDLE_IDENTIFIER = "com.notlus.$(PRODUCT_NAME:rfc1034identifier)";
				PRODUCT_NAME = "$(TARGET_NAME)";
			};
			name = Release;
		};
		370854431B9FA23200A54575 /* Debug */ = {
			isa = XCBuildConfiguration;
			buildSettings = {
				BUNDLE_LOADER = "$(TEST_HOST)";
				FRAMEWORK_SEARCH_PATHS = (
					"$(SDKROOT)/Developer/Library/Frameworks",
					"$(inherited)",
				);
				GCC_PREPROCESSOR_DEFINITIONS = (
					"DEBUG=1",
					"$(inherited)",
				);
				INFOPLIST_FILE = VirtualTouristTests/Info.plist;
				LD_RUNPATH_SEARCH_PATHS = "$(inherited) @executable_path/Frameworks @loader_path/Frameworks";
				PRODUCT_BUNDLE_IDENTIFIER = "com.notlus.$(PRODUCT_NAME:rfc1034identifier)";
				PRODUCT_NAME = "$(TARGET_NAME)";
				TEST_HOST = "$(BUILT_PRODUCTS_DIR)/VirtualTourist.app/VirtualTourist";
			};
			name = Debug;
		};
		370854441B9FA23200A54575 /* Release */ = {
			isa = XCBuildConfiguration;
			buildSettings = {
				BUNDLE_LOADER = "$(TEST_HOST)";
				FRAMEWORK_SEARCH_PATHS = (
					"$(SDKROOT)/Developer/Library/Frameworks",
					"$(inherited)",
				);
				INFOPLIST_FILE = VirtualTouristTests/Info.plist;
				LD_RUNPATH_SEARCH_PATHS = "$(inherited) @executable_path/Frameworks @loader_path/Frameworks";
				PRODUCT_BUNDLE_IDENTIFIER = "com.notlus.$(PRODUCT_NAME:rfc1034identifier)";
				PRODUCT_NAME = "$(TARGET_NAME)";
				TEST_HOST = "$(BUILT_PRODUCTS_DIR)/VirtualTourist.app/VirtualTourist";
			};
			name = Release;
		};
/* End XCBuildConfiguration section */

/* Begin XCConfigurationList section */
		370854181B9FA23200A54575 /* Build configuration list for PBXProject "VirtualTourist" */ = {
			isa = XCConfigurationList;
			buildConfigurations = (
				3708543D1B9FA23200A54575 /* Debug */,
				3708543E1B9FA23200A54575 /* Release */,
			);
			defaultConfigurationIsVisible = 0;
			defaultConfigurationName = Release;
		};
		3708543F1B9FA23200A54575 /* Build configuration list for PBXNativeTarget "VirtualTourist" */ = {
			isa = XCConfigurationList;
			buildConfigurations = (
				370854401B9FA23200A54575 /* Debug */,
				370854411B9FA23200A54575 /* Release */,
			);
			defaultConfigurationIsVisible = 0;
			defaultConfigurationName = Release;
		};
		370854421B9FA23200A54575 /* Build configuration list for PBXNativeTarget "VirtualTouristTests" */ = {
			isa = XCConfigurationList;
			buildConfigurations = (
				370854431B9FA23200A54575 /* Debug */,
				370854441B9FA23200A54575 /* Release */,
			);
			defaultConfigurationIsVisible = 0;
			defaultConfigurationName = Release;
		};
/* End XCConfigurationList section */

/* Begin XCVersionGroup section */
		370854241B9FA23200A54575 /* VirtualTourist.xcdatamodeld */ = {
			isa = XCVersionGroup;
			children = (
				370854251B9FA23200A54575 /* VirtualTourist.xcdatamodel */,
			);
			currentVersion = 370854251B9FA23200A54575 /* VirtualTourist.xcdatamodel */;
			path = VirtualTourist.xcdatamodeld;
			sourceTree = "<group>";
			versionGroupType = wrapper.xcdatamodel;
		};
/* End XCVersionGroup section */
	};
	rootObject = 370854151B9FA23200A54575 /* Project object */;
}
